
Microsoft Visual Studio Solution File, Format Version 12.00
# Visual Studio Version 17
VisualStudioVersion = 17.0.31903.59
MinimumVisualStudioVersion = 10.0.40219.1
Project("{9A19103F-16F7-4668-BE54-9A1E7A4F7556}") = "NewTestamentWasm", "NewTestamentWasm.csproj", "{FB88EE43-B5B0-4892-AB55-640FBFA80AAF}"
EndProject
Global
	GlobalSection(SolutionConfigurationPlatforms) = preSolution
		Debug|Any CPU = Debug|Any CPU
		Release|Any CPU = Release|Any CPU
	EndGlobalSection
	GlobalSection(ProjectConfigurationPlatforms) = postSolution
		{FB88EE43-B5B0-4892-AB55-640FBFA80AAF}.Debug|Any CPU.ActiveCfg = Debug|Any CPU
		{FB88EE43-B5B0-4892-AB55-640FBFA80AAF}.Debug|Any CPU.Build.0 = Debug|Any CPU
		{FB88EE43-B5B0-4892-AB55-640FBFA80AAF}.Release|Any CPU.ActiveCfg = Release|Any CPU
		{FB88EE43-B5B0-4892-AB55-640FBFA80AAF}.Release|Any CPU.Build.0 = Release|Any CPU
	EndGlobalSection
	GlobalSection(SolutionProperties) = preSolution
		HideSolutionNode = FALSE
	EndGlobalSection
	GlobalSection(ExtensibilityGlobals) = postSolution
		SolutionGuid = {B71F56CB-B2D0-4427-A073-60FF16C22954}
	EndGlobalSection
EndGlobal
